# This file is generated by running "yarn install" inside your project.
# Manual changes might be lost - proceed with caution!

__metadata:
  version: 8
  cacheKey: 10c0

"@isaacs/fs-minipass@npm:^4.0.0":
  version: 4.0.1
  resolution: "@isaacs/fs-minipass@npm:4.0.1"
  dependencies:
    minipass: "npm:^7.0.4"
  checksum: 10c0/c25b6dc1598790d5b55c0947a9b7d111cfa92594db5296c3b907e2f533c033666f692a3939eadac17b1c7c40d362d0b0635dc874cbfe3e70db7c2b07cc97a5d2
  languageName: node
  linkType: hard

"@jridgewell/sourcemap-codec@npm:^1.5.5":
  version: 1.6.0
  resolution: "@jridgewell/sourcemap-codec@npm:1.6.0"
  checksum: 10c0/b5be700e45a775f218589c3466c4ffea630582b4988657652da464e5ab8a7d18bf928ee4fd2363fb346ede4bea9c6ff0bae05a538358c4565ece6199531b5f72
  languageName: node
  linkType: hard

"@oxc-project/types@npm:=0.149.0":
  version: 0.149.0
  resolution: "@oxc-project/types@npm:0.149.0"
  checksum: 10c0/f91ff8101300ce5a29fbfc57bdaafd9c1c9d3d9b46c63093f437c479d047042eb615cb6c3ddac91a0d289701ce60c365632866a85d0f1e0d159b20180115187e
  languageName: node
  linkType: hard

"@rolldown/binding-android-arm-eabi@npm:1.2.8":
  version: 1.2.8
  resolution: "@rolldown/binding-android-arm-eabi@npm:1.2.8"
  conditions: os=android & cpu=arm
  languageName: node
  linkType: hard

"@rolldown/binding-android-arm64@npm:1.2.8":
  version: 1.2.8
  resolution: "@rolldown/binding-android-arm64@npm:1.2.8"
  conditions: os=android & cpu=arm64
  languageName: node
  linkType: hard

"@rolldown/binding-darwin-arm64@npm:1.2.8":
  version: 1.2.8
  resolution: "@rolldown/binding-darwin-arm64@npm:1.2.8"
  conditions: os=darwin & cpu=arm64
  languageName: node
  linkType: hard

"@rolldown/binding-darwin-x64@npm:1.2.8":
  version: 1.2.8
  resolution: "@rolldown/binding-darwin-x64@npm:1.2.8"
  conditions: os=darwin & cpu=x64
  languageName: node
  linkType: hard

"@rolldown/binding-freebsd-x64@npm:1.2.8":
  version: 1.2.8
  resolution: "@rolldown/binding-freebsd-x64@npm:1.2.8"
  conditions: os=freebsd & cpu=x64
  languageName: node
  linkType: hard

"@rolldown/binding-linux-arm-gnueabihf@npm:1.2.8":
  version: 1.2.8
  resolution: "@rolldown/binding-linux-arm-gnueabihf@npm:1.2.8"
  conditions: os=linux & cpu=arm
  languageName: node
  linkType: hard

"@rolldown/binding-linux-arm64-gnu@npm:1.2.8":
  version: 1.2.8
  resolution: "@rolldown/binding-linux-arm64-gnu@npm:1.2.8"
  conditions: os=linux & cpu=arm64 & libc=glibc
  languageName: node
  linkType: hard

"@rolldown/binding-linux-arm64-musl@npm:1.2.8":
  version: 1.2.8
  resolution: "@rolldown/binding-linux-arm64-musl@npm:1.2.8"
  conditions: os=linux & cpu=arm64 & libc=musl
  languageName: node
  linkType: hard

"@rolldown/binding-linux-ppc64-gnu@npm:1.2.8":
  version: 1.2.8
  resolution: "@rolldown/binding-linux-ppc64-gnu@npm:1.2.8"
  conditions: os=linux & cpu=ppc64 & libc=glibc
  languageName: node
  linkType: hard

"@rolldown/binding-linux-s390x-gnu@npm:1.2.8":
  version: 1.2.8
  resolution: "@rolldown/binding-linux-s390x-gnu@npm:1.2.8"
  conditions: os=linux & cpu=s390x & libc=glibc
  languageName: node
  linkType: hard

"@rolldown/binding-linux-x64-gnu@npm:1.2.8":
  version: 1.2.8
  resolution: "@rolldown/binding-linux-x64-gnu@npm:1.2.8"
  conditions: os=linux & cpu=x64 & libc=glibc
  languageName: node
  linkType: hard

"@rolldown/binding-linux-x64-musl@npm:1.2.8":
  version: 1.2.8
  resolution: "@rolldown/binding-linux-x64-musl@npm:1.2.8"
  conditions: os=linux & cpu=x64 & libc=musl
  languageName: node
  linkType: hard

"@rolldown/binding-openharmony-arm64@npm:1.2.8":
  version: 1.2.8
  resolution: "@rolldown/binding-openharmony-arm64@npm:1.2.8"
  conditions: os=openharmony & cpu=arm64
  languageName: node
  linkType: hard

"@rolldown/binding-win32-arm64-msvc@npm:1.2.8":
  version: 1.2.8
  resolution: "@rolldown/binding-win32-arm64-msvc@npm:1.2.8"
  conditions: os=win32 & cpu=arm64
  languageName: node
  linkType: hard

"@rolldown/binding-win32-x64-msvc@npm:1.2.8":
  version: 1.2.8
  resolution: "@rolldown/binding-win32-x64-msvc@npm:1.2.8"
  conditions: os=win32 & cpu=x64
  languageName: node
  linkType: hard

"@rolldown/pluginutils@npm:^1.0.0":
  version: 1.0.1
  resolution: "@rolldown/pluginutils@npm:1.0.1"
  checksum: 10c0/99d9b06d90196823e4d8c841f258db7a16e5dbba5824a2962b05d907b79f1ba929d56f22dd744fd530936e568c865ee56a719dc31e57e13bc0a8eb4764a8d8dd
  languageName: node
  linkType: hard

"@standard-schema/spec@npm:^1.1.0":
  version: 1.1.0
  resolution: "@standard-schema/spec@npm:1.1.0"
  checksum: 10c0/d90f55acde4b2deb983529c87e8025fa693de1a5e8b49ecc6eb84d1fd96328add0e03d7d551442156c7432fd78165b2c26ff561b970a9a881f046abb78d6a526
  languageName: node
  linkType: hard

"@tecera/adversarial@workspace:packages/adversarial":
  version: 0.0.0-use.local
  resolution: "@tecera/adversarial@workspace:packages/adversarial"
  dependencies:
    "@tecera/brain": "workspace:*"
    "@tecera/contracts": "workspace:*"
    "@tecera/gates": "workspace:*"
    "@tecera/ledger": "workspace:*"
    "@tecera/loop": "workspace:*"
    "@tecera/planner": "workspace:*"
    "@tecera/policy": "workspace:*"
    "@tecera/providers": "workspace:*"
    "@tecera/reflex": "workspace:*"
    "@tecera/runtime": "workspace:*"
    "@tecera/worker": "workspace:*"
    "@types/node": "npm:^22.15.21"
    typescript: "npm:^5.5.3"
    vitest: "npm:^4.0.14"
    zod: "npm:^3.23.8"
  languageName: unknown
  linkType: soft

"@tecera/brain@workspace:*, @tecera/brain@workspace:packages/brain":
  version: 0.0.0-use.local
  resolution: "@tecera/brain@workspace:packages/brain"
  dependencies:
    "@tecera/contracts": "workspace:*"
    "@tecera/ledger": "workspace:*"
    "@types/node": "npm:^22.15.21"
    typescript: "npm:^5.5.3"
    vitest: "npm:^4.0.14"
    zod: "npm:^3.23.8"
  languageName: unknown
  linkType: soft

"@tecera/contracts@workspace:*, @tecera/contracts@workspace:packages/contracts":
  version: 0.0.0-use.local
  resolution: "@tecera/contracts@workspace:packages/contracts"
  dependencies:
    "@types/node": "npm:^22.15.21"
    typescript: "npm:^5.5.3"
    vitest: "npm:^4.0.14"
    zod: "npm:^3.23.8"
  languageName: unknown
  linkType: soft

"@tecera/gates@workspace:*, @tecera/gates@workspace:packages/gates":
  version: 0.0.0-use.local
  resolution: "@tecera/gates@workspace:packages/gates"
  dependencies:
    "@tecera/contracts": "workspace:*"
    "@tecera/ledger": "workspace:*"
    "@tecera/policy": "workspace:*"
    "@types/node": "npm:^22.15.21"
    typescript: "npm:^5.5.3"
    vitest: "npm:^4.0.14"
    zod: "npm:^3.23.8"
  languageName: unknown
  linkType: soft

"@tecera/ledger@workspace:*, @tecera/ledger@workspace:packages/ledger":
  version: 0.0.0-use.local
  resolution: "@tecera/ledger@workspace:packages/ledger"
  dependencies:
    "@tecera/contracts": "workspace:*"
    "@types/better-sqlite3": "npm:^7.6.11"
    "@types/node": "npm:^22.15.21"
    better-sqlite3: "npm:^11.7.0"
    typescript: "npm:^5.5.3"
    vitest: "npm:^4.0.14"
  languageName: unknown
  linkType: soft

"@tecera/loop@workspace:*, @tecera/loop@workspace:packages/loop":
  version: 0.0.0-use.local
  resolution: "@tecera/loop@workspace:packages/loop"
  dependencies:
    "@tecera/contracts": "workspace:*"
    "@tecera/ledger": "workspace:*"
    "@tecera/reflex": "workspace:*"
    "@types/node": "npm:^22.15.21"
    typescript: "npm:^5.5.3"
    vitest: "npm:^4.0.14"
  languageName: unknown
  linkType: soft

"@tecera/planner@workspace:*, @tecera/planner@workspace:packages/planner":
  version: 0.0.0-use.local
  resolution: "@tecera/planner@workspace:packages/planner"
  dependencies:
    "@tecera/contracts": "workspace:*"
    "@tecera/ledger": "workspace:*"
    "@tecera/loop": "workspace:*"
    "@tecera/policy": "workspace:*"
    "@tecera/providers": "workspace:*"
    "@tecera/reflex": "workspace:*"
    "@types/node": "npm:^22.15.21"
    typescript: "npm:^5.5.3"
    vitest: "npm:^4.0.14"
    zod: "npm:^3.23.8"
  languageName: unknown
  linkType: soft

"@tecera/policy@workspace:*, @tecera/policy@workspace:packages/policy":
  version: 0.0.0-use.local
  resolution: "@tecera/policy@workspace:packages/policy"
  dependencies:
    "@tecera/contracts": "workspace:*"
    "@tecera/ledger": "workspace:*"
    "@types/node": "npm:^22.15.21"
    typescript: "npm:^5.5.3"
    vitest: "npm:^4.0.14"
    zod: "npm:^3.23.8"
  languageName: unknown
  linkType: soft

"@tecera/providers@workspace:*, @tecera/providers@workspace:packages/providers":
  version: 0.0.0-use.local
  resolution: "@tecera/providers@workspace:packages/providers"
  dependencies:
    "@tecera/contracts": "workspace:*"
    "@types/node": "npm:^22.15.21"
    typescript: "npm:^5.5.3"
    vitest: "npm:^4.0.14"
    zod: "npm:^3.23.8"
  languageName: unknown
  linkType: soft

"@tecera/reflex@workspace:*, @tecera/reflex@workspace:packages/reflex":
  version: 0.0.0-use.local
  resolution: "@tecera/reflex@workspace:packages/reflex"
  dependencies:
    "@tecera/contracts": "workspace:*"
    "@types/node": "npm:^22.15.21"
    typescript: "npm:^5.5.3"
    vitest: "npm:^4.0.14"
  languageName: unknown
  linkType: soft

"@tecera/runtime@workspace:*, @tecera/runtime@workspace:packages/runtime":
  version: 0.0.0-use.local
  resolution: "@tecera/runtime@workspace:packages/runtime"
  dependencies:
    "@tecera/brain": "workspace:*"
    "@tecera/contracts": "workspace:*"
    "@tecera/gates": "workspace:*"
    "@tecera/ledger": "workspace:*"
    "@tecera/loop": "workspace:*"
    "@tecera/planner": "workspace:*"
    "@tecera/policy": "workspace:*"
    "@tecera/providers": "workspace:*"
    "@tecera/reflex": "workspace:*"
    "@tecera/worker": "workspace:*"
    "@types/node": "npm:^22.15.21"
    typescript: "npm:^5.5.3"
    vitest: "npm:^4.0.14"
    zod: "npm:^3.23.8"
  languageName: unknown
  linkType: soft

"@tecera/worker@workspace:*, @tecera/worker@workspace:packages/worker":
  version: 0.0.0-use.local
  resolution: "@tecera/worker@workspace:packages/worker"
  dependencies:
    "@tecera/contracts": "workspace:*"
    "@tecera/ledger": "workspace:*"
    "@types/node": "npm:^22.15.21"
    typescript: "npm:^5.5.3"
    vitest: "npm:^4.0.14"
  languageName: unknown
  linkType: soft

"@types/better-sqlite3@npm:^7.6.11":
  version: 7.6.13
  resolution: "@types/better-sqlite3@npm:7.6.13"
  dependencies:
    "@types/node": "npm:*"
  checksum: 10c0/c4336e7b92343eb0e988ded007c53fa9887b98a38d61175226e86124a1a2c28b1a4e3892873c5041e350b7bfa2901f85c82db1542c4f0eed1d3a899682c92106
  languageName: node
  linkType: hard

"@types/chai@npm:^5.2.2":
  version: 5.2.3
  resolution: "@types/chai@npm:5.2.3"
  dependencies:
    "@types/deep-eql": "npm:*"
    assertion-error: "npm:^2.0.1"
  checksum: 10c0/e0ef1de3b6f8045a5e473e867c8565788c444271409d155588504840ad1a53611011f85072188c2833941189400228c1745d78323dac13fcede9c2b28bacfb2f
  languageName: node
  linkType: hard

"@types/deep-eql@npm:*":
  version: 4.0.2
  resolution: "@types/deep-eql@npm:4.0.2"
  checksum: 10c0/bf3f811843117900d7084b9d0c852da9a044d12eb40e6de73b552598a6843c21291a8a381b0532644574beecd5e3491c5ff3a0365ab86b15d59862c025384844
  languageName: node
  linkType: hard

"@types/estree@npm:^1.0.0":
  version: 1.0.9
  resolution: "@types/estree@npm:1.0.9"
  checksum: 10c0/3ad3286ca2988cd550dafb8f2ad599c8474868e954fa601a36655bdfefd8039f7c714b8c1c7f2ae219ffbd58bd4660e66fa7479a0120fc02d4777057d4865387
  languageName: node
  linkType: hard

"@types/node@npm:*":
  version: 26.5.0
  resolution: "@types/node@npm:26.5.0"
  dependencies:
    undici-types: "npm:~8.9.0"
  checksum: 10c0/1ab105dfe717f6442092ad8732d25d115fcf44596bb64009b3a6eb2dd988aef9ea76ad8a372e88cdf28800161681e1597c779451bade4428801f1a34129e5e37
  languageName: node
  linkType: hard

"@types/node@npm:^22.15.21":
  version: 22.20.1
  resolution: "@types/node@npm:22.20.1"
  dependencies:
    undici-types: "npm:~6.21.0"
  checksum: 10c0/f2ba54d3d1fb92e1c57c78d32c3a17655b1e87363b707136f55c422b4838d4054901ce5d27f75bb0e5ecb7ebfee3804e0987822d22b473473008091857a09353
  languageName: node
  linkType: hard

"@vitest/expect@npm:4.1.11":
  version: 4.1.11
  resolution: "@vitest/expect@npm:4.1.11"
  dependencies:
    "@standard-schema/spec": "npm:^1.1.0"
    "@types/chai": "npm:^5.2.2"
    "@vitest/spy": "npm:4.1.11"
    "@vitest/utils": "npm:4.1.11"
    chai: "npm:^6.2.2"
    tinyrainbow: "npm:^3.1.0"
  checksum: 10c0/0aa5e0973aca93a58cbdc3041c6bfed5897e976124965203b96a23b811f4ca403590c7eb15802c8d8366ec27a1db0682451e8a91c4d06617636de262baf86e4b
  languageName: node
  linkType: hard

"@vitest/mocker@npm:4.1.11":
  version: 4.1.11
  resolution: "@vitest/mocker@npm:4.1.11"
  dependencies:
    "@vitest/spy": "npm:4.1.11"
    estree-walker: "npm:^3.0.3"
    magic-string: "npm:^0.30.21"
  peerDependencies:
    msw: ^2.4.9
    vite: ^6.0.0 || ^7.0.0 || ^8.0.0
  peerDependenciesMeta:
    msw:
      optional: true
    vite:
      optional: true
  checksum: 10c0/3111ea34bd5046f6c70bbd67cf8b89608ee8c41cb27ab2bd61d42f4b68810e9ea16a9a757a71bc254c105f73b407d00ebb6bab1ab0f7f5cdcc9d7d16602a3933
  languageName: node
  linkType: hard

"@vitest/pretty-format@npm:4.1.11":
  version: 4.1.11
  resolution: "@vitest/pretty-format@npm:4.1.11"
  dependencies:
    tinyrainbow: "npm:^3.1.0"
  checksum: 10c0/ad32525c73807c0b72f38dc29bc51fd5a17879dc650f37995a9c5adbb8526e15f787691f76aa8768448ec7ed5bf5ba2b12329eac8fda1428b4d6b8c036390f71
  languageName: node
  linkType: hard

"@vitest/runner@npm:4.1.11":
  version: 4.1.11
  resolution: "@vitest/runner@npm:4.1.11"
  dependencies:
    "@vitest/utils": "npm:4.1.11"
    pathe: "npm:^2.0.3"
  checksum: 10c0/3c782b055e9e688e1785f7c8937bd1669bad1b0e5758cb8b844f918f30a324b1d21e174d46c941ce80ebf37f2b89b55b6d619a675025914a1ece6377b95909e2
  languageName: node
  linkType: hard

"@vitest/snapshot@npm:4.1.11":
  version: 4.1.11
  resolution: "@vitest/snapshot@npm:4.1.11"
  dependencies:
    "@vitest/pretty-format": "npm:4.1.11"
    "@vitest/utils": "npm:4.1.11"
    magic-string: "npm:^0.30.21"
    pathe: "npm:^2.0.3"
  checksum: 10c0/35d82a7c2a3e4b57529c30387d568d9106b6bf960189214e5d8cb1f5288cb042305c2e5c7b0b2f8cb56a2c814973de0310bc56d72deb79427bea272b6224190c
  languageName: node
  linkType: hard

"@vitest/spy@npm:4.1.11":
  version: 4.1.11
  resolution: "@vitest/spy@npm:4.1.11"
  checksum: 10c0/06c68247a8efd21006abe7532fee17f30ba83c8cda3e0b952ef89e278d58058f4b1de69b6bbaa2ed614c568bf4f5769fcc76be42802dedf2bcdd9c0aae601740
  languageName: node
  linkType: hard

"@vitest/utils@npm:4.1.11":
  version: 4.1.11
  resolution: "@vitest/utils@npm:4.1.11"
  dependencies:
    "@vitest/pretty-format": "npm:4.1.11"
    convert-source-map: "npm:^2.0.0"
    tinyrainbow: "npm:^3.1.0"
  checksum: 10c0/a2c1ddc64333458c3e031465c1ee0440a7660fd1b298c54ccbf865ef1e5cf3ebdd6c5c75a5ea235d8a672498b394e7121f992b096f021f45014ab25e9abd1b52
  languageName: node
  linkType: hard

"abbrev@npm:^5.0.0":
  version: 5.0.0
  resolution: "abbrev@npm:5.0.0"
  checksum: 10c0/8e88f5c798ea4562d28c5a3e9ad69e3879890bc5d695d8f2dffb8609be4c890aacc8f80ef4553fdd2c6a62d70c2ce8bc57b38074e383beb7487bdafa9ed42ea5
  languageName: node
  linkType: hard

"assertion-error@npm:^2.0.1":
  version: 2.0.1
  resolution: "assertion-error@npm:2.0.1"
  checksum: 10c0/bbbcb117ac6480138f8c93cf7f535614282dea9dc828f540cdece85e3c665e8f78958b96afac52f29ff883c72638e6a87d469ecc9fe5bc902df03ed24a55dba8
  languageName: node
  linkType: hard

"base64-js@npm:^1.3.1":
  version: 1.5.1
  resolution: "base64-js@npm:1.5.1"
  checksum: 10c0/f23823513b63173a001030fae4f2dabe283b99a9d324ade3ad3d148e218134676f1ee8568c877cd79ec1c53158dcf2d2ba527a97c606618928ba99dd930102bf
  languageName: node
  linkType: hard

"better-sqlite3@npm:^11.7.0":
  version: 11.10.0
  resolution: "better-sqlite3@npm:11.10.0"
  dependencies:
    bindings: "npm:^1.5.0"
    node-gyp: "npm:latest"
    prebuild-install: "npm:^7.1.1"
  checksum: 10c0/1fffbf9e5fc9d24847a3ecf09491bceab1c294b46ba41df1c449dc20b6f5c5d9d94ff24becd0b1632ee282bd21278b7fea53a5a6215bb99209ded0ae05eda3b0
  languageName: node
  linkType: hard

"bindings@npm:^1.5.0":
  version: 1.5.0
  resolution: "bindings@npm:1.5.0"
  dependencies:
    file-uri-to-path: "npm:1.0.0"
  checksum: 10c0/3dab2491b4bb24124252a91e656803eac24292473e56554e35bbfe3cc1875332cfa77600c3bac7564049dc95075bf6fcc63a4609920ff2d64d0fe405fcf0d4ba
  languageName: node
  linkType: hard

"bl@npm:^4.0.3":
  version: 4.1.0
  resolution: "bl@npm:4.1.0"
  dependencies:
    buffer: "npm:^5.5.0"
    inherits: "npm:^2.0.4"
    readable-stream: "npm:^3.4.0"
  checksum: 10c0/02847e1d2cb089c9dc6958add42e3cdeaf07d13f575973963335ac0fdece563a50ac770ac4c8fa06492d2dd276f6cc3b7f08c7cd9c7a7ad0f8d388b2a28def5f
  languageName: node
  linkType: hard

"buffer@npm:^5.5.0":
  version: 5.7.1
  resolution: "buffer@npm:5.7.1"
  dependencies:
    base64-js: "npm:^1.3.1"
    ieee754: "npm:^1.1.13"
  checksum: 10c0/27cac81cff434ed2876058d72e7c4789d11ff1120ef32c9de48f59eab58179b66710c488987d295ae89a228f835fc66d088652dffeb8e3ba8659f80eb091d55e
  languageName: node
  linkType: hard

"chai@npm:^6.2.2":
  version: 6.2.2
  resolution: "chai@npm:6.2.2"
  checksum: 10c0/e6c69e5f0c11dffe6ea13d0290936ebb68fcc1ad688b8e952e131df6a6d5797d5e860bc55cef1aca2e950c3e1f96daf79e9d5a70fb7dbaab4e46355e2635ed53
  languageName: node
  linkType: hard

"chownr@npm:^1.1.1":
  version: 1.1.4
  resolution: "chownr@npm:1.1.4"
  checksum: 10c0/ed57952a84cc0c802af900cf7136de643d3aba2eecb59d29344bc2f3f9bf703a301b9d84cdc71f82c3ffc9ccde831b0d92f5b45f91727d6c9da62f23aef9d9db
  languageName: node
  linkType: hard

"chownr@npm:^3.0.0":
  version: 3.0.0
  resolution: "chownr@npm:3.0.0"
  checksum: 10c0/43925b87700f7e3893296c8e9c56cc58f926411cce3a6e5898136daaf08f08b9a8eb76d37d3267e707d0dcc17aed2e2ebdf5848c0c3ce95cf910a919935c1b10
  languageName: node
  linkType: hard

"convert-source-map@npm:^2.0.0":
  version: 2.0.0
  resolution: "convert-source-map@npm:2.0.0"
  checksum: 10c0/8f2f7a27a1a011cc6cc88cc4da2d7d0cfa5ee0369508baae3d98c260bb3ac520691464e5bbe4ae7cdf09860c1d69ecc6f70c63c6e7c7f7e3f18ec08484dc7d9b
  languageName: node
  linkType: hard

"decompress-response@npm:^6.0.0":
  version: 6.0.0
  resolution: "decompress-response@npm:6.0.0"
  dependencies:
    mimic-response: "npm:^3.1.0"
  checksum: 10c0/bd89d23141b96d80577e70c54fb226b2f40e74a6817652b80a116d7befb8758261ad073a8895648a29cc0a5947021ab66705cb542fa9c143c82022b27c5b175e
  languageName: node
  linkType: hard

"deep-extend@npm:^0.6.0":
  version: 0.6.0
  resolution: "deep-extend@npm:0.6.0"
  checksum: 10c0/1c6b0abcdb901e13a44c7d699116d3d4279fdb261983122a3783e7273844d5f2537dc2e1c454a23fcf645917f93fbf8d07101c1d03c015a87faa662755212566
  languageName: node
  linkType: hard

"detect-libc@npm:^2.0.0, detect-libc@npm:^2.0.3":
  version: 2.1.2
  resolution: "detect-libc@npm:2.1.2"
  checksum: 10c0/acc675c29a5649fa1fb6e255f993b8ee829e510b6b56b0910666949c80c364738833417d0edb5f90e4e46be17228b0f2b66a010513984e18b15deeeac49369c4
  languageName: node
  linkType: hard

"end-of-stream@npm:^1.1.0, end-of-stream@npm:^1.4.1":
  version: 1.4.5
  resolution: "end-of-stream@npm:1.4.5"
  dependencies:
    once: "npm:^1.4.0"
  checksum: 10c0/b0701c92a10b89afb1cb45bf54a5292c6f008d744eb4382fa559d54775ff31617d1d7bc3ef617575f552e24fad2c7c1a1835948c66b3f3a4be0a6c1f35c883d8
  languageName: node
  linkType: hard

"env-paths@npm:^2.2.0":
  version: 2.2.1
  resolution: "env-paths@npm:2.2.1"
  checksum: 10c0/285325677bf00e30845e330eec32894f5105529db97496ee3f598478e50f008c5352a41a30e5e72ec9de8a542b5a570b85699cd63bd2bc646dbcb9f311d83bc4
  languageName: node
  linkType: hard

"es-module-lexer@npm:^2.0.0":
  version: 2.3.2
  resolution: "es-module-lexer@npm:2.3.2"
  checksum: 10c0/5e7389424c43478439f12f9a6aca1750f6f99afa384fc3de329f4a45f152ab156671055008adaafc74960877abf8cc338aeebf6bed8c21297b146fd6eb7a22f8
  languageName: node
  linkType: hard

"estree-walker@npm:^3.0.3":
  version: 3.0.3
  resolution: "estree-walker@npm:3.0.3"
  dependencies:
    "@types/estree": "npm:^1.0.0"
  checksum: 10c0/c12e3c2b2642d2bcae7d5aa495c60fa2f299160946535763969a1c83fc74518ffa9c2cd3a8b69ac56aea547df6a8aac25f729a342992ef0bbac5f1c73e78995d
  languageName: node
  linkType: hard

"expand-template@npm:^2.0.3":
  version: 2.0.3
  resolution: "expand-template@npm:2.0.3"
  checksum: 10c0/1c9e7afe9acadf9d373301d27f6a47b34e89b3391b1ef38b7471d381812537ef2457e620ae7f819d2642ce9c43b189b3583813ec395e2938319abe356a9b2f51
  languageName: node
  linkType: hard

"expect-type@npm:^1.3.0":
  version: 1.4.0
  resolution: "expect-type@npm:1.4.0"
  checksum: 10c0/d40d76b8570695d36587beb3cc28494da2ca3ec8f04e67f5622ed2d372d850e401a9adef19c6835e1a8173903f157c79540b34c7b3fbd7cd8ce726cc903c57b7
  languageName: node
  linkType: hard

"exponential-backoff@npm:^3.1.1":
  version: 3.1.3
  resolution: "exponential-backoff@npm:3.1.3"
  checksum: 10c0/77e3ae682b7b1f4972f563c6dbcd2b0d54ac679e62d5d32f3e5085feba20483cf28bd505543f520e287a56d4d55a28d7874299941faf637e779a1aa5994d1267
  languageName: node
  linkType: hard

"fdir@npm:^6.5.0":
  version: 6.5.0
  resolution: "fdir@npm:6.5.0"
  peerDependencies:
    picomatch: ^3 || ^4
  peerDependenciesMeta:
    picomatch:
      optional: true
  checksum: 10c0/e345083c4306b3aed6cb8ec551e26c36bab5c511e99ea4576a16750ddc8d3240e63826cc624f5ae17ad4dc82e68a253213b60d556c11bfad064b7607847ed07f
  languageName: node
  linkType: hard

"file-uri-to-path@npm:1.0.0":
  version: 1.0.0
  resolution: "file-uri-to-path@npm:1.0.0"
  checksum: 10c0/3b545e3a341d322d368e880e1c204ef55f1d45cdea65f7efc6c6ce9e0c4d22d802d5629320eb779d006fe59624ac17b0e848d83cc5af7cd101f206cb704f5519
  languageName: node
  linkType: hard

"fix-failing-test-sample@workspace:samples/fix-failing-test":
  version: 0.0.0-use.local
  resolution: "fix-failing-test-sample@workspace:samples/fix-failing-test"
  languageName: unknown
  linkType: soft

"fs-constants@npm:^1.0.0":
  version: 1.0.0
  resolution: "fs-constants@npm:1.0.0"
  checksum: 10c0/a0cde99085f0872f4d244e83e03a46aa387b74f5a5af750896c6b05e9077fac00e9932fdf5aef84f2f16634cd473c63037d7a512576da7d5c2b9163d1909f3a8
  languageName: node
  linkType: hard

"fsevents@npm:~2.3.3":
  version: 2.3.3
  resolution: "fsevents@npm:2.3.3"
  dependencies:
    node-gyp: "npm:latest"
  checksum: 10c0/a1f0c44595123ed717febbc478aa952e47adfc28e2092be66b8ab1635147254ca6cfe1df792a8997f22716d4cbafc73309899ff7bfac2ac3ad8cf2e4ecc3ec60
  conditions: os=darwin
  languageName: node
  linkType: hard

"fsevents@patch:fsevents@npm%3A~2.3.3#optional!builtin<compat/fsevents>":
  version: 2.3.3
  resolution: "fsevents@patch:fsevents@npm%3A2.3.3#optional!builtin<compat/fsevents>::version=2.3.3&hash=df0bf1"
  dependencies:
    node-gyp: "npm:latest"
  conditions: os=darwin
  languageName: node
  linkType: hard

"github-from-package@npm:0.0.0":
  version: 0.0.0
  resolution: "github-from-package@npm:0.0.0"
  checksum: 10c0/737ee3f52d0a27e26332cde85b533c21fcdc0b09fb716c3f8e522cfaa9c600d4a631dec9fcde179ec9d47cca89017b7848ed4d6ae6b6b78f936c06825b1fcc12
  languageName: node
  linkType: hard

"graceful-fs@npm:^4.2.6":
  version: 4.2.11
  resolution: "graceful-fs@npm:4.2.11"
  checksum: 10c0/386d011a553e02bc594ac2ca0bd6d9e4c22d7fa8cfbfc448a6d148c59ea881b092db9dbe3547ae4b88e55f1b01f7c4a2ecc53b310c042793e63aa44cf6c257f2
  languageName: node
  linkType: hard

"ieee754@npm:^1.1.13":
  version: 1.2.1
  resolution: "ieee754@npm:1.2.1"
  checksum: 10c0/b0782ef5e0935b9f12883a2e2aa37baa75da6e66ce6515c168697b42160807d9330de9a32ec1ed73149aea02e0d822e572bca6f1e22bdcbd2149e13b050b17bb
  languageName: node
  linkType: hard

"inherits@npm:^2.0.3, inherits@npm:^2.0.4":
  version: 2.0.4
  resolution: "inherits@npm:2.0.4"
  checksum: 10c0/4e531f648b29039fb7426fb94075e6545faa1eb9fe83c29f0b6d9e7263aceb4289d2d4557db0d428188eeb449cc7c5e77b0a0b2c4e248ff2a65933a0dee49ef2
  languageName: node
  linkType: hard

"ini@npm:~1.3.0":
  version: 1.3.8
  resolution: "ini@npm:1.3.8"
  checksum: 10c0/ec93838d2328b619532e4f1ff05df7909760b6f66d9c9e2ded11e5c1897d6f2f9980c54dd638f88654b00919ce31e827040631eab0a3969e4d1abefa0719516a
  languageName: node
  linkType: hard

"isexe@npm:^4.0.0":
  version: 4.0.0
  resolution: "isexe@npm:4.0.0"
  checksum: 10c0/5884815115bceac452877659a9c7726382531592f43dc29e5d48b7c4100661aed54018cb90bd36cb2eaeba521092570769167acbb95c18d39afdccbcca06c5ce
  languageName: node
  linkType: hard

"lightningcss-android-arm64@npm:1.33.0":
  version: 1.33.0
  resolution: "lightningcss-android-arm64@npm:1.33.0"
  conditions: os=android & cpu=arm64
  languageName: node
  linkType: hard

"lightningcss-darwin-arm64@npm:1.33.0":
  version: 1.33.0
  resolution: "lightningcss-darwin-arm64@npm:1.33.0"
  conditions: os=darwin & cpu=arm64
  languageName: node
  linkType: hard

"lightningcss-darwin-x64@npm:1.33.0":
  version: 1.33.0
  resolution: "lightningcss-darwin-x64@npm:1.33.0"
  conditions: os=darwin & cpu=x64
  languageName: node
  linkType: hard

"lightningcss-freebsd-x64@npm:1.33.0":
  version: 1.33.0
  resolution: "lightningcss-freebsd-x64@npm:1.33.0"
  conditions: os=freebsd & cpu=x64
  languageName: node
  linkType: hard

"lightningcss-linux-arm-gnueabihf@npm:1.33.0":
  version: 1.33.0
  resolution: "lightningcss-linux-arm-gnueabihf@npm:1.33.0"
  conditions: os=linux & cpu=arm
  languageName: node
  linkType: hard

"lightningcss-linux-arm64-gnu@npm:1.33.0":
  version: 1.33.0
  resolution: "lightningcss-linux-arm64-gnu@npm:1.33.0"
  conditions: os=linux & cpu=arm64 & libc=glibc
  languageName: node
  linkType: hard

"lightningcss-linux-arm64-musl@npm:1.33.0":
  version: 1.33.0
  resolution: "lightningcss-linux-arm64-musl@npm:1.33.0"
  conditions: os=linux & cpu=arm64 & libc=musl
  languageName: node
  linkType: hard

"lightningcss-linux-x64-gnu@npm:1.33.0":
  version: 1.33.0
  resolution: "lightningcss-linux-x64-gnu@npm:1.33.0"
  conditions: os=linux & cpu=x64 & libc=glibc
  languageName: node
  linkType: hard

"lightningcss-linux-x64-musl@npm:1.33.0":
  version: 1.33.0
  resolution: "lightningcss-linux-x64-musl@npm:1.33.0"
  conditions: os=linux & cpu=x64 & libc=musl
  languageName: node
  linkType: hard

"lightningcss-win32-arm64-msvc@npm:1.33.0":
  version: 1.33.0
  resolution: "lightningcss-win32-arm64-msvc@npm:1.33.0"
  conditions: os=win32 & cpu=arm64
  languageName: node
  linkType: hard

"lightningcss-win32-x64-msvc@npm:1.33.0":
  version: 1.33.0
  resolution: "lightningcss-win32-x64-msvc@npm:1.33.0"
  conditions: os=win32 & cpu=x64
  languageName: node
  linkType: hard

"lightningcss@npm:^1.33.0":
  version: 1.33.0
  resolution: "lightningcss@npm:1.33.0"
  dependencies:
    detect-libc: "npm:^2.0.3"
    lightningcss-android-arm64: "npm:1.33.0"
    lightningcss-darwin-arm64: "npm:1.33.0"
    lightningcss-darwin-x64: "npm:1.33.0"
    lightningcss-freebsd-x64: "npm:1.33.0"
    lightningcss-linux-arm-gnueabihf: "npm:1.33.0"
    lightningcss-linux-arm64-gnu: "npm:1.33.0"
    lightningcss-linux-arm64-musl: "npm:1.33.0"
    lightningcss-linux-x64-gnu: "npm:1.33.0"
    lightningcss-linux-x64-musl: "npm:1.33.0"
    lightningcss-win32-arm64-msvc: "npm:1.33.0"
    lightningcss-win32-x64-msvc: "npm:1.33.0"
  dependenciesMeta:
    lightningcss-android-arm64:
      optional: true
    lightningcss-darwin-arm64:
      optional: true
    lightningcss-darwin-x64:
      optional: true
    lightningcss-freebsd-x64:
      optional: true
    lightningcss-linux-arm-gnueabihf:
      optional: true
    lightningcss-linux-arm64-gnu:
      optional: true
    lightningcss-linux-arm64-musl:
      optional: true
    lightningcss-linux-x64-gnu:
      optional: true
    lightningcss-linux-x64-musl:
      optional: true
    lightningcss-win32-arm64-msvc:
      optional: true
    lightningcss-win32-x64-msvc:
      optional: true
  checksum: 10c0/ce1f8279fbae636dbf37fa6e7385d5f98ed881d72af3362f24afbd4685e19c1fcdfecf17e5dd77f2ebee3d0c23ade276230d85842d07292229a2cffba8ff20a3
  languageName: node
  linkType: hard

"magic-string@npm:^0.30.21":
  version: 0.30.21
  resolution: "magic-string@npm:0.30.21"
  dependencies:
    "@jridgewell/sourcemap-codec": "npm:^1.5.5"
  checksum: 10c0/299378e38f9a270069fc62358522ddfb44e94244baa0d6a8980ab2a9b2490a1d03b236b447eee309e17eb3bddfa482c61259d47960eb018a904f0ded52780c4a
  languageName: node
  linkType: hard

"mimic-response@npm:^3.1.0":
  version: 3.1.0
  resolution: "mimic-response@npm:3.1.0"
  checksum: 10c0/0d6f07ce6e03e9e4445bee655202153bdb8a98d67ee8dc965ac140900d7a2688343e6b4c9a72cfc9ef2f7944dfd76eef4ab2482eb7b293a68b84916bac735362
  languageName: node
  linkType: hard

"minimist@npm:^1.2.0, minimist@npm:^1.2.3":
  version: 1.2.8
  resolution: "minimist@npm:1.2.8"
  checksum: 10c0/19d3fcdca050087b84c2029841a093691a91259a47def2f18222f41e7645a0b7c44ef4b40e88a1e58a40c84d2ef0ee6047c55594d298146d0eb3f6b737c20ce6
  languageName: node
  linkType: hard

"minipass@npm:^7.0.4, minipass@npm:^7.1.2":
  version: 7.1.3
  resolution: "minipass@npm:7.1.3"
  checksum: 10c0/539da88daca16533211ea5a9ee98dc62ff5742f531f54640dd34429e621955e91cc280a91a776026264b7f9f6735947629f920944e9c1558369e8bf22eb33fbb
  languageName: node
  linkType: hard

"minizlib@npm:^3.1.0":
  version: 3.1.0
  resolution: "minizlib@npm:3.1.0"
  dependencies:
    minipass: "npm:^7.1.2"
  checksum: 10c0/5aad75ab0090b8266069c9aabe582c021ae53eb33c6c691054a13a45db3b4f91a7fb1bd79151e6b4e9e9a86727b522527c0a06ec7d45206b745d54cd3097bcec
  languageName: node
  linkType: hard

"mkdirp-classic@npm:^0.5.2, mkdirp-classic@npm:^0.5.3":
  version: 0.5.3
  resolution: "mkdirp-classic@npm:0.5.3"
  checksum: 10c0/95371d831d196960ddc3833cc6907e6b8f67ac5501a6582f47dfae5eb0f092e9f8ce88e0d83afcae95d6e2b61a01741ba03714eeafb6f7a6e9dcc158ac85b168
  languageName: node
  linkType: hard

"nanoid@npm:^3.3.18":
  version: 3.3.18
  resolution: "nanoid@npm:3.3.18"
  bin:
    nanoid: bin/nanoid.cjs
  checksum: 10c0/b994b4e396730f8be2520923284e2040d61eaee55cc6d4935ef6d38d34bafdc46133eda4d3faea5073bda545aa6079d82b886caeac5c731cf9ac18bcc1301425
  languageName: node
  linkType: hard

"napi-build-utils@npm:^2.0.0":
  version: 2.0.0
  resolution: "napi-build-utils@npm:2.0.0"
  checksum: 10c0/5833aaeb5cc5c173da47a102efa4680a95842c13e0d9cc70428bd3ee8d96bb2172f8860d2811799b5daa5cbeda779933601492a2028a6a5351c6d0fcf6de83db
  languageName: node
  linkType: hard

"node-abi@npm:^3.3.0":
  version: 3.96.0
  resolution: "node-abi@npm:3.96.0"
  dependencies:
    semver: "npm:^7.3.5"
  checksum: 10c0/d5f70cc9c384f807c79fbd3020ec03510d3a3540e95a51cabc9a52f658a474aa9e9a15cd331d6c49eb2d6983c6cfcef7483e1fdb833686584a599041b9d171cd
  languageName: node
  linkType: hard

"node-gyp@npm:latest":
  version: 13.0.2
  resolution: "node-gyp@npm:13.0.2"
  dependencies:
    env-paths: "npm:^2.2.0"
    exponential-backoff: "npm:^3.1.1"
    graceful-fs: "npm:^4.2.6"
    nopt: "npm:^10.0.0"
    proc-log: "npm:^7.0.0"
    semver: "npm:^7.3.5"
    tar: "npm:^7.5.4"
    tinyglobby: "npm:^0.2.12"
    undici: "npm:^8.4.1"
    which: "npm:^7.0.0"
  bin:
    node-gyp: bin/node-gyp.js
  checksum: 10c0/29d33ccf47ffeeb5e7af925550b416f698a26a72eb10975c7eb5775c1d0cecacd76d164a4aa45503d3ddcece209db65c712be00423c69381a4cd14e2e6540559
  languageName: node
  linkType: hard

"nopt@npm:^10.0.0":
  version: 10.0.1
  resolution: "nopt@npm:10.0.1"
  dependencies:
    abbrev: "npm:^5.0.0"
  bin:
    nopt: bin/nopt.js
  checksum: 10c0/980d89257f9587f3e1f77877ddbf905d6aa3b738ec33e49a4fa1a059a0dd82eb28063982b150654a7ae9de386f2ead60e56172db7d37cf56de545f7392a2a26a
  languageName: node
  linkType: hard

"obug@npm:^2.1.1":
  version: 2.2.1
  resolution: "obug@npm:2.2.1"
  checksum: 10c0/8a7c001847d880fa6ba83c7bbee6a80fd271ee628439cd508c8647d53b217abb1759e2d5e4aaeb09a35d0a274bdb225a0a5a78eded3213d63e656153cf411b63
  languageName: node
  linkType: hard

"once@npm:^1.3.1, once@npm:^1.4.0":
  version: 1.4.0
  resolution: "once@npm:1.4.0"
  dependencies:
    wrappy: "npm:1"
  checksum: 10c0/5d48aca287dfefabd756621c5dfce5c91a549a93e9fdb7b8246bc4c4790aa2ec17b34a260530474635147aeb631a2dcc8b32c613df0675f96041cbb8244517d0
  languageName: node
  linkType: hard

"pathe@npm:^2.0.3":
  version: 2.0.3
  resolution: "pathe@npm:2.0.3"
  checksum: 10c0/c118dc5a8b5c4166011b2b70608762e260085180bb9e33e80a50dcdb1e78c010b1624f4280c492c92b05fc276715a4c357d1f9edc570f8f1b3d90b6839ebaca1
  languageName: node
  linkType: hard

"picocolors@npm:^1.1.1":
  version: 1.1.1
  resolution: "picocolors@npm:1.1.1"
  checksum: 10c0/e2e3e8170ab9d7c7421969adaa7e1b31434f789afb9b3f115f6b96d91945041ac3ceb02e9ec6fe6510ff036bcc0bf91e69a1772edc0b707e12b19c0f2d6bcf58
  languageName: node
  linkType: hard

"picomatch@npm:^4.0.3, picomatch@npm:^4.0.4, picomatch@npm:^4.0.5":
  version: 4.0.7
  resolution: "picomatch@npm:4.0.7"
  checksum: 10c0/beb6ae02c43ae44e84883b90830196d9046b1726ead292adcf7f57945e0bb0d992d68563d87e03b484b6f3c9a5c6defda7523477f047d7f0e663f126cc01787f
  languageName: node
  linkType: hard

"postcss@npm:^8.5.26":
  version: 8.5.28
  resolution: "postcss@npm:8.5.28"
  dependencies:
    nanoid: "npm:^3.3.18"
    picocolors: "npm:^1.1.1"
    source-map-js: "npm:^1.2.1"
  checksum: 10c0/9fe44215a6628d89c8a75184b92f5b2f77e16f9e5b13b39b9009bb7e8e6eccddf82c8854bae922db1f17ace6ef3445073fe38abff513caeb03e5285b1b55620a
  languageName: node
  linkType: hard

"prebuild-install@npm:^7.1.1":
  version: 7.1.3
  resolution: "prebuild-install@npm:7.1.3"
  dependencies:
    detect-libc: "npm:^2.0.0"
    expand-template: "npm:^2.0.3"
    github-from-package: "npm:0.0.0"
    minimist: "npm:^1.2.3"
    mkdirp-classic: "npm:^0.5.3"
    napi-build-utils: "npm:^2.0.0"
    node-abi: "npm:^3.3.0"
    pump: "npm:^3.0.0"
    rc: "npm:^1.2.7"
    simple-get: "npm:^4.0.0"
    tar-fs: "npm:^2.0.0"
    tunnel-agent: "npm:^0.6.0"
  bin:
    prebuild-install: bin.js
  checksum: 10c0/25919a42b52734606a4036ab492d37cfe8b601273d8dfb1fa3c84e141a0a475e7bad3ab848c741d2f810cef892fcf6059b8c7fe5b29f98d30e0c29ad009bedff
  languageName: node
  linkType: hard

"proc-log@npm:^7.0.0":
  version: 7.0.0
  resolution: "proc-log@npm:7.0.0"
  checksum: 10c0/b89c2d862604f35fec795477b0c7e376feab3ba0d4f4d291c4e959567442697cf451ac557d0623c1cc38af45a78128b983410f397a10c5d3a67f76c33de4754b
  languageName: node
  linkType: hard

"pump@npm:^3.0.0":
  version: 3.0.4
  resolution: "pump@npm:3.0.4"
  dependencies:
    end-of-stream: "npm:^1.1.0"
    once: "npm:^1.3.1"
  checksum: 10c0/2780e66b5471c19e3e3e1063b84f3f6a3a08367f24c5ed552f98cd5901e6ada27c7ad6495d4244f553fd03b01884a4561933064f053f47c8994d84fd352768ea
  languageName: node
  linkType: hard

"rc@npm:^1.2.7":
  version: 1.2.8
  resolution: "rc@npm:1.2.8"
  dependencies:
    deep-extend: "npm:^0.6.0"
    ini: "npm:~1.3.0"
    minimist: "npm:^1.2.0"
    strip-json-comments: "npm:~2.0.1"
  bin:
    rc: ./cli.js
  checksum: 10c0/24a07653150f0d9ac7168e52943cc3cb4b7a22c0e43c7dff3219977c2fdca5a2760a304a029c20811a0e79d351f57d46c9bde216193a0f73978496afc2b85b15
  languageName: node
  linkType: hard

"readable-stream@npm:^3.1.1, readable-stream@npm:^3.4.0":
  version: 3.6.2
  resolution: "readable-stream@npm:3.6.2"
  dependencies:
    inherits: "npm:^2.0.3"
    string_decoder: "npm:^1.1.1"
    util-deprecate: "npm:^1.0.1"
  checksum: 10c0/e37be5c79c376fdd088a45fa31ea2e423e5d48854be7a22a58869b4e84d25047b193f6acb54f1012331e1bcd667ffb569c01b99d36b0bd59658fb33f513511b7
  languageName: node
  linkType: hard

"rolldown@npm:~1.2.4":
  version: 1.2.8
  resolution: "rolldown@npm:1.2.8"
  dependencies:
    "@oxc-project/types": "npm:=0.149.0"
    "@rolldown/binding-android-arm-eabi": "npm:1.2.8"
    "@rolldown/binding-android-arm64": "npm:1.2.8"
    "@rolldown/binding-darwin-arm64": "npm:1.2.8"
    "@rolldown/binding-darwin-x64": "npm:1.2.8"
    "@rolldown/binding-freebsd-x64": "npm:1.2.8"
    "@rolldown/binding-linux-arm-gnueabihf": "npm:1.2.8"
    "@rolldown/binding-linux-arm64-gnu": "npm:1.2.8"
    "@rolldown/binding-linux-arm64-musl": "npm:1.2.8"
    "@rolldown/binding-linux-ppc64-gnu": "npm:1.2.8"
    "@rolldown/binding-linux-s390x-gnu": "npm:1.2.8"
    "@rolldown/binding-linux-x64-gnu": "npm:1.2.8"
    "@rolldown/binding-linux-x64-musl": "npm:1.2.8"
    "@rolldown/binding-openharmony-arm64": "npm:1.2.8"
    "@rolldown/binding-win32-arm64-msvc": "npm:1.2.8"
    "@rolldown/binding-win32-x64-msvc": "npm:1.2.8"
    "@rolldown/pluginutils": "npm:^1.0.0"
  dependenciesMeta:
    "@rolldown/binding-android-arm-eabi":
      optional: true
    "@rolldown/binding-android-arm64":
      optional: true
    "@rolldown/binding-darwin-arm64":
      optional: true
    "@rolldown/binding-darwin-x64":
      optional: true
    "@rolldown/binding-freebsd-x64":
      optional: true
    "@rolldown/binding-linux-arm-gnueabihf":
      optional: true
    "@rolldown/binding-linux-arm64-gnu":
      optional: true
    "@rolldown/binding-linux-arm64-musl":
      optional: true
    "@rolldown/binding-linux-ppc64-gnu":
      optional: true
    "@rolldown/binding-linux-s390x-gnu":
      optional: true
    "@rolldown/binding-linux-x64-gnu":
      optional: true
    "@rolldown/binding-linux-x64-musl":
      optional: true
    "@rolldown/binding-openharmony-arm64":
      optional: true
    "@rolldown/binding-win32-arm64-msvc":
      optional: true
    "@rolldown/binding-win32-x64-msvc":
      optional: true
  bin:
    rolldown: ./bin/cli.mjs
  checksum: 10c0/5a9c6b30a7ef0af257a963e6b0b95d5a60b23512b7dbcca617273bd63fb0892b88be6b33dc9a6cb66350f47d260eff6456af0b7afef34898767f3527ce0d967d
  languageName: node
  linkType: hard

"safe-buffer@npm:^5.0.1, safe-buffer@npm:~5.2.0":
  version: 5.2.1
  resolution: "safe-buffer@npm:5.2.1"
  checksum: 10c0/6501914237c0a86e9675d4e51d89ca3c21ffd6a31642efeba25ad65720bce6921c9e7e974e5be91a786b25aa058b5303285d3c15dbabf983a919f5f630d349f3
  languageName: node
  linkType: hard

"semver@npm:^7.3.5":
  version: 7.8.5
  resolution: "semver@npm:7.8.5"
  bin:
    semver: bin/semver.js
  checksum: 10c0/b1f3127a5be8125a94f37188b361c212466c292c6910adce3ec106cff5dc211ccaedc4739c11bb70fda59d6fc1f040a9bca289f4e093451521a2372e5231fe0c
  languageName: node
  linkType: hard

"siginfo@npm:^2.0.0":
  version: 2.0.0
  resolution: "siginfo@npm:2.0.0"
  checksum: 10c0/3def8f8e516fbb34cb6ae415b07ccc5d9c018d85b4b8611e3dc6f8be6d1899f693a4382913c9ed51a06babb5201639d76453ab297d1c54a456544acf5c892e34
  languageName: node
  linkType: hard

"simple-concat@npm:^1.0.0":
  version: 1.0.1
  resolution: "simple-concat@npm:1.0.1"
  checksum: 10c0/62f7508e674414008910b5397c1811941d457dfa0db4fd5aa7fa0409eb02c3609608dfcd7508cace75b3a0bf67a2a77990711e32cd213d2c76f4fd12ee86d776
  languageName: node
  linkType: hard

"simple-get@npm:^4.0.0":
  version: 4.0.1
  resolution: "simple-get@npm:4.0.1"
  dependencies:
    decompress-response: "npm:^6.0.0"
    once: "npm:^1.3.1"
    simple-concat: "npm:^1.0.0"
  checksum: 10c0/b0649a581dbca741babb960423248899203165769747142033479a7dc5e77d7b0fced0253c731cd57cf21e31e4d77c9157c3069f4448d558ebc96cf9e1eebcf0
  languageName: node
  linkType: hard

"source-map-js@npm:^1.2.1":
  version: 1.2.1
  resolution: "source-map-js@npm:1.2.1"
  checksum: 10c0/7bda1fc4c197e3c6ff17de1b8b2c20e60af81b63a52cb32ec5a5d67a20a7d42651e2cb34ebe93833c5a2a084377e17455854fee3e21e7925c64a51b6a52b0faf
  languageName: node
  linkType: hard

"stackback@npm:0.0.2":
  version: 0.0.2
  resolution: "stackback@npm:0.0.2"
  checksum: 10c0/89a1416668f950236dd5ac9f9a6b2588e1b9b62b1b6ad8dff1bfc5d1a15dbf0aafc9b52d2226d00c28dffff212da464eaeebfc6b7578b9d180cef3e3782c5983
  languageName: node
  linkType: hard

"std-env@npm:^4.0.0-rc.1":
  version: 4.2.0
  resolution: "std-env@npm:4.2.0"
  checksum: 10c0/40ac525ce7b7c556abc332a7376f14356eeb1a7f17f6ff9a003eb9f52326ff1f3745d3e1b43452675b1ec6fcc319f1b1d6f3b0d386cf3f91058479ad883cff69
  languageName: node
  linkType: hard

"string_decoder@npm:^1.1.1":
  version: 1.3.0
  resolution: "string_decoder@npm:1.3.0"
  dependencies:
    safe-buffer: "npm:~5.2.0"
  checksum: 10c0/810614ddb030e271cd591935dcd5956b2410dd079d64ff92a1844d6b7588bf992b3e1b69b0f4d34a3e06e0bd73046ac646b5264c1987b20d0601f81ef35d731d
  languageName: node
  linkType: hard

"strip-json-comments@npm:~2.0.1":
  version: 2.0.1
  resolution: "strip-json-comments@npm:2.0.1"
  checksum: 10c0/b509231cbdee45064ff4f9fd73609e2bcc4e84a4d508e9dd0f31f70356473fde18abfb5838c17d56fb236f5a06b102ef115438de0600b749e818a35fbbc48c43
  languageName: node
  linkType: hard

"tar-fs@npm:^2.0.0":
  version: 2.1.5
  resolution: "tar-fs@npm:2.1.5"
  dependencies:
    chownr: "npm:^1.1.1"
    mkdirp-classic: "npm:^0.5.2"
    pump: "npm:^3.0.0"
    tar-stream: "npm:^2.1.4"
  checksum: 10c0/b987429214c3ab3be1f439b4e097dc310acf449c35f355956d801f59ef4cfde3b9827797ab2d2f087ed024e459eedc9b3cd860c9190b86e356ba348ade928684
  languageName: node
  linkType: hard

"tar-stream@npm:^2.1.4":
  version: 2.2.0
  resolution: "tar-stream@npm:2.2.0"
  dependencies:
    bl: "npm:^4.0.3"
    end-of-stream: "npm:^1.4.1"
    fs-constants: "npm:^1.0.0"
    inherits: "npm:^2.0.3"
    readable-stream: "npm:^3.1.1"
  checksum: 10c0/2f4c910b3ee7196502e1ff015a7ba321ec6ea837667220d7bcb8d0852d51cb04b87f7ae471008a6fb8f5b1a1b5078f62f3a82d30c706f20ada1238ac797e7692
  languageName: node
  linkType: hard

"tar@npm:^7.5.4":
  version: 7.5.22
  resolution: "tar@npm:7.5.22"
  dependencies:
    "@isaacs/fs-minipass": "npm:^4.0.0"
    chownr: "npm:^3.0.0"
    minipass: "npm:^7.1.2"
    minizlib: "npm:^3.1.0"
    yallist: "npm:^5.0.0"
  checksum: 10c0/1311f6be85a8157ac4c9147bae43e13923d2a1aae15e4aa1bd5239e4e03d2cf53cfe103dde7f35832fbb4c938b042856bc8e9a0afd29abd05e2d1608788c4fea
  languageName: node
  linkType: hard

"tecera-monorepo@workspace:.":
  version: 0.0.0-use.local
  resolution: "tecera-monorepo@workspace:."
  dependencies:
    "@types/node": "npm:^22.15.21"
    typescript: "npm:^5.5.3"
    vitest: "npm:^4.0.14"
  languageName: unknown
  linkType: soft

"tecera@workspace:packages/tecera":
  version: 0.0.0-use.local
  resolution: "tecera@workspace:packages/tecera"
  dependencies:
    "@tecera/runtime": "workspace:*"
  bin:
    tecera: ./bin/tecera.js
  languageName: unknown
  linkType: soft

"tinybench@npm:^2.9.0":
  version: 2.9.0
  resolution: "tinybench@npm:2.9.0"
  checksum: 10c0/c3500b0f60d2eb8db65250afe750b66d51623057ee88720b7f064894a6cb7eb93360ca824a60a31ab16dab30c7b1f06efe0795b352e37914a9d4bad86386a20c
  languageName: node
  linkType: hard

"tinyexec@npm:^1.0.2":
  version: 1.3.1
  resolution: "tinyexec@npm:1.3.1"
  checksum: 10c0/c590369cb3fa73cc18a3998caec8a00f9712d91309c881be3ac52b160fb2f80c7b1fbf3591858ab6abab47ad55385b0c86ec19982e32441a01f55298dab9ccd2
  languageName: node
  linkType: hard

"tinyglobby@npm:^0.2.12, tinyglobby@npm:^0.2.15, tinyglobby@npm:^0.2.17":
  version: 0.2.17
  resolution: "tinyglobby@npm:0.2.17"
  dependencies:
    fdir: "npm:^6.5.0"
    picomatch: "npm:^4.0.4"
  checksum: 10c0/7f7bb0f197c88bc4b20c231e0deca4240ca3bf313a88f5a7fee93a872b84966a4d50220947c0455ad07a60b3b360961c5b7fd979222aeb716a9f99b412002e4c
  languageName: node
  linkType: hard

"tinyrainbow@npm:^3.1.0":
  version: 3.1.1
  resolution: "tinyrainbow@npm:3.1.1"
  checksum: 10c0/f9d2743832c6191f753408f36224fe817620b8abcef572b2e570204c673a901d753ff84ca8e7b88f9c79e934295b3ffc6fcbc56a06f126e24e1ec6186dcad40d
  languageName: node
  linkType: hard

"tunnel-agent@npm:^0.6.0":
  version: 0.6.0
  resolution: "tunnel-agent@npm:0.6.0"
  dependencies:
    safe-buffer: "npm:^5.0.1"
  checksum: 10c0/4c7a1b813e7beae66fdbf567a65ec6d46313643753d0beefb3c7973d66fcec3a1e7f39759f0a0b4465883499c6dc8b0750ab8b287399af2e583823e40410a17a
  languageName: node
  linkType: hard

"typescript@npm:^5.5.3":
  version: 5.9.3
  resolution: "typescript@npm:5.9.3"
  bin:
    tsc: bin/tsc
    tsserver: bin/tsserver
  checksum: 10c0/6bd7552ce39f97e711db5aa048f6f9995b53f1c52f7d8667c1abdc1700c68a76a308f579cd309ce6b53646deb4e9a1be7c813a93baaf0a28ccd536a30270e1c5
  languageName: node
  linkType: hard

"typescript@patch:typescript@npm%3A^5.5.3#optional!builtin<compat/typescript>":
  version: 5.9.3
  resolution: "typescript@patch:typescript@npm%3A5.9.3#optional!builtin<compat/typescript>::version=5.9.3&hash=5786d5"
  bin:
    tsc: bin/tsc
    tsserver: bin/tsserver
  checksum: 10c0/ad09fdf7a756814dce65bc60c1657b40d44451346858eea230e10f2e95a289d9183b6e32e5c11e95acc0ccc214b4f36289dcad4bf1886b0adb84d711d336a430
  languageName: node
  linkType: hard

"undici-types@npm:~6.21.0":
  version: 6.21.0
  resolution: "undici-types@npm:6.21.0"
  checksum: 10c0/c01ed51829b10aa72fc3ce64b747f8e74ae9b60eafa19a7b46ef624403508a54c526ffab06a14a26b3120d055e1104d7abe7c9017e83ced038ea5cf52f8d5e04
  languageName: node
  linkType: hard

"undici-types@npm:~8.9.0":
  version: 8.9.0
  resolution: "undici-types@npm:8.9.0"
  checksum: 10c0/51c712c20c087368f62c6fc0f2bc49fa76bfe5dec28ff01584bb677ff29b0622569783c02d43e151143808c48c0503f804093bd2c491b10f2a830138034cb451
  languageName: node
  linkType: hard

"undici@npm:^8.4.1":
  version: 8.10.2
  resolution: "undici@npm:8.10.2"
  checksum: 10c0/66d7fc69149207cab570d6abbc9e965b6afe1ae889a7d46945b431165c973d6a56f3dd8b70a856e7ae1e550b6366a1cde6f06e68640587f0dadca38de72995ee
  languageName: node
  linkType: hard

"util-deprecate@npm:^1.0.1":
  version: 1.0.2
  resolution: "util-deprecate@npm:1.0.2"
  checksum: 10c0/41a5bdd214df2f6c3ecf8622745e4a366c4adced864bc3c833739791aeeeb1838119af7daed4ba36428114b5c67dcda034a79c882e97e43c03e66a4dd7389942
  languageName: node
  linkType: hard

"vite@npm:^6.0.0 || ^7.0.0 || ^8.0.0":
  version: 8.2.2
  resolution: "vite@npm:8.2.2"
  dependencies:
    fsevents: "npm:~2.3.3"
    lightningcss: "npm:^1.33.0"
    picomatch: "npm:^4.0.5"
    postcss: "npm:^8.5.26"
    rolldown: "npm:~1.2.4"
    tinyglobby: "npm:^0.2.17"
  peerDependencies:
    "@types/node": ^20.19.0 || >=22.12.0
    "@vitejs/devtools": ^0.4.0 || ^0.5.0
    esbuild: ^0.27.0 || ^0.28.0
    jiti: ">=1.21.0"
    less: ^4.0.0
    sass: ^1.70.0
    sass-embedded: ^1.70.0
    stylus: ">=0.54.8"
    sugarss: ^5.0.0
    terser: ^5.16.0
    tsx: ^4.8.1
    yaml: ^2.4.2
  dependenciesMeta:
    fsevents:
      optional: true
  peerDependenciesMeta:
    "@types/node":
      optional: true
    "@vitejs/devtools":
      optional: true
    esbuild:
      optional: true
    jiti:
      optional: true
    less:
      optional: true
    sass:
      optional: true
    sass-embedded:
      optional: true
    stylus:
      optional: true
    sugarss:
      optional: true
    terser:
      optional: true
    tsx:
      optional: true
    yaml:
      optional: true
  bin:
    vite: bin/vite.js
  checksum: 10c0/94cbbbdc38ad500dcb86b6202ddd14aa41d05c80739766cada9bbe250b410d1a27be433c9c491ed39744019471ac1e27a59908616a88c42f9787bdb6bdca49d2
  languageName: node
  linkType: hard

"vitest@npm:^4.0.14":
  version: 4.1.11
  resolution: "vitest@npm:4.1.11"
  dependencies:
    "@vitest/expect": "npm:4.1.11"
    "@vitest/mocker": "npm:4.1.11"
    "@vitest/pretty-format": "npm:4.1.11"
    "@vitest/runner": "npm:4.1.11"
    "@vitest/snapshot": "npm:4.1.11"
    "@vitest/spy": "npm:4.1.11"
    "@vitest/utils": "npm:4.1.11"
    es-module-lexer: "npm:^2.0.0"
    expect-type: "npm:^1.3.0"
    magic-string: "npm:^0.30.21"
    obug: "npm:^2.1.1"
    pathe: "npm:^2.0.3"
    picomatch: "npm:^4.0.3"
    std-env: "npm:^4.0.0-rc.1"
    tinybench: "npm:^2.9.0"
    tinyexec: "npm:^1.0.2"
    tinyglobby: "npm:^0.2.15"
    tinyrainbow: "npm:^3.1.0"
    vite: "npm:^6.0.0 || ^7.0.0 || ^8.0.0"
    why-is-node-running: "npm:^2.3.0"
  peerDependencies:
    "@edge-runtime/vm": "*"
    "@opentelemetry/api": ^1.9.0
    "@types/node": ^20.0.0 || ^22.0.0 || >=24.0.0
    "@vitest/browser-playwright": 4.1.11
    "@vitest/browser-preview": 4.1.11
    "@vitest/browser-webdriverio": 4.1.11
    "@vitest/coverage-istanbul": 4.1.11
    "@vitest/coverage-v8": 4.1.11
    "@vitest/ui": 4.1.11
    happy-dom: "*"
    jsdom: "*"
    vite: ^6.0.0 || ^7.0.0 || ^8.0.0
  peerDependenciesMeta:
    "@edge-runtime/vm":
      optional: true
    "@opentelemetry/api":
      optional: true
    "@types/node":
      optional: true
    "@vitest/browser-playwright":
      optional: true
    "@vitest/browser-preview":
      optional: true
    "@vitest/browser-webdriverio":
      optional: true
    "@vitest/coverage-istanbul":
      optional: true
    "@vitest/coverage-v8":
      optional: true
    "@vitest/ui":
      optional: true
    happy-dom:
      optional: true
    jsdom:
      optional: true
    vite:
      optional: false
  bin:
    vitest: ./vitest.mjs
  checksum: 10c0/3fa0948cf74adcccc8cbcdb4e6d30ada6933bdfb1816ff99200f3d3b689325b37dc483b22535b57b6d911f7a7b64eaa6a5f8da1606cfe7f2466f48000c21e296
  languageName: node
  linkType: hard

"which@npm:^7.0.0":
  version: 7.0.0
  resolution: "which@npm:7.0.0"
  dependencies:
    isexe: "npm:^4.0.0"
  bin:
    node-which: bin/which.js
  checksum: 10c0/ca0b54f198f78bbc4b7c02e34bda8d335cb352e0adb4cbca1c37b1a957af3a879a82c4c27ca6525bc942f548d8b64f816ef6528360af9f3de55ffb9b979b620d
  languageName: node
  linkType: hard

"why-is-node-running@npm:^2.3.0":
  version: 2.3.0
  resolution: "why-is-node-running@npm:2.3.0"
  dependencies:
    siginfo: "npm:^2.0.0"
    stackback: "npm:0.0.2"
  bin:
    why-is-node-running: cli.js
  checksum: 10c0/1cde0b01b827d2cf4cb11db962f3958b9175d5d9e7ac7361d1a7b0e2dc6069a263e69118bd974c4f6d0a890ef4eedfe34cf3d5167ec14203dbc9a18620537054
  languageName: node
  linkType: hard

"wrappy@npm:1":
  version: 1.0.2
  resolution: "wrappy@npm:1.0.2"
  checksum: 10c0/56fece1a4018c6a6c8e28fbc88c87e0fbf4ea8fd64fc6c63b18f4acc4bd13e0ad2515189786dd2c30d3eec9663d70f4ecf699330002f8ccb547e4a18231fc9f0
  languageName: node
  linkType: hard

"yallist@npm:^5.0.0":
  version: 5.0.0
  resolution: "yallist@npm:5.0.0"
  checksum: 10c0/a499c81ce6d4a1d260d4ea0f6d49ab4da09681e32c3f0472dee16667ed69d01dae63a3b81745a24bd78476ec4fcf856114cb4896ace738e01da34b2c42235416
  languageName: node
  linkType: hard

"zod@npm:^3.23.8":
  version: 3.25.76
  resolution: "zod@npm:3.25.76"
  checksum: 10c0/5718ec35e3c40b600316c5b4c5e4976f7fee68151bc8f8d90ec18a469be9571f072e1bbaace10f1e85cf8892ea12d90821b200e980ab46916a6166a4260a983c
  languageName: node
  linkType: hard
